
Microsoft Visual Studio Solution File, Format Version 12.00
# Visual Studio Version 17
VisualStudioVersion = 17.12.35707.178
MinimumVisualStudioVersion = 10.0.40219.1
Project("{2150E333-8FDC-42A3-9474-1A3956D46DE8}") = "Domain", "Domain", "{DE413A8A-E85D-4166-9B4B-9235982FAC82}"
EndProject
Project("{2150E333-8FDC-42A3-9474-1A3956D46DE8}") = "Application", "Application", "{74C33F22-9BC1-4C4C-AC45-BEDE8B90C445}"
EndProject
Project("{2150E333-8FDC-42A3-9474-1A3956D46DE8}") = "Infraestructure", "Infraestructure", "{ACE484E6-5151-4812-A169-7E5442C60AA3}"
EndProject
Project("{2150E333-8FDC-42A3-9474-1A3956D46DE8}") = "Presentation", "Presentation", "{5F5A0704-92BD-4454-BDD5-DF3425054AD2}"
EndProject
Project("{FAE04EC0-301F-11D3-BF4B-00C04F79EFBC}") = "Pacagroup.Trade.Domain", "src\Pacagroup.Trade.Domain\Pacagroup.Trade.Domain.csproj", "{4197AF40-9111-4D10-9DB1-BB02304C4605}"
EndProject
Project("{FAE04EC0-301F-11D3-BF4B-00C04F79EFBC}") = "Pacagroup.Trade.Persistence", "src\Pacagroup.Trade.Persistence\Pacagroup.Trade.Persistence.csproj", "{10081EF0-0FAA-4992-9219-DDD0BB3C6CA5}"
EndProject
Project("{FAE04EC0-301F-11D3-BF4B-00C04F79EFBC}") = "Pacagroup.Trade.Infraestructure", "src\Pacagroup.Trade.Infraestructure\Pacagroup.Trade.Infraestructure.csproj", "{B4F69D5D-65F7-4DF0-BC40-021C6465882B}"
EndProject
Project("{FAE04EC0-301F-11D3-BF4B-00C04F79EFBC}") = "Pacagroup.Trade.Application.Interface", "src\Pacagroup.Trade.Application.Interface\Pacagroup.Trade.Application.Interface.csproj", "{3271970F-03FB-438B-A61D-CF6F186BC8EB}"
EndProject
Project("{FAE04EC0-301F-11D3-BF4B-00C04F79EFBC}") = "Pacagroup.Trade.Application.UseCase", "src\Pacagroup.Trade.Application.UseCase\Pacagroup.Trade.Application.UseCase.csproj", "{AE6347E7-739D-4213-B1A7-8918A712915E}"
EndProject
Project("{FAE04EC0-301F-11D3-BF4B-00C04F79EFBC}") = "Pacagroup.Trade.Services.gRPC", "src\Pacagroup.Trade.Services.gRPC\Pacagroup.Trade.Services.gRPC.csproj", "{D052ECC8-5F4E-45B5-8EC4-044DF1893260}"
EndProject
Global
	GlobalSection(SolutionConfigurationPlatforms) = preSolution
		Debug|Any CPU = Debug|Any CPU
		Release|Any CPU = Release|Any CPU
	EndGlobalSection
	GlobalSection(ProjectConfigurationPlatforms) = postSolution
		{4197AF40-9111-4D10-9DB1-BB02304C4605}.Debug|Any CPU.ActiveCfg = Debug|Any CPU
		{4197AF40-9111-4D10-9DB1-BB02304C4605}.Debug|Any CPU.Build.0 = Debug|Any CPU
		{4197AF40-9111-4D10-9DB1-BB02304C4605}.Release|Any CPU.ActiveCfg = Release|Any CPU
		{4197AF40-9111-4D10-9DB1-BB02304C4605}.Release|Any CPU.Build.0 = Release|Any CPU
		{10081EF0-0FAA-4992-9219-DDD0BB3C6CA5}.Debug|Any CPU.ActiveCfg = Debug|Any CPU
		{10081EF0-0FAA-4992-9219-DDD0BB3C6CA5}.Debug|Any CPU.Build.0 = Debug|Any CPU
		{10081EF0-0FAA-4992-9219-DDD0BB3C6CA5}.Release|Any CPU.ActiveCfg = Release|Any CPU
		{10081EF0-0FAA-4992-9219-DDD0BB3C6CA5}.Release|Any CPU.Build.0 = Release|Any CPU
		{B4F69D5D-65F7-4DF0-BC40-021C6465882B}.Debug|Any CPU.ActiveCfg = Debug|Any CPU
		{B4F69D5D-65F7-4DF0-BC40-021C6465882B}.Debug|Any CPU.Build.0 = Debug|Any CPU
		{B4F69D5D-65F7-4DF0-BC40-021C6465882B}.Release|Any CPU.ActiveCfg = Release|Any CPU
		{B4F69D5D-65F7-4DF0-BC40-021C6465882B}.Release|Any CPU.Build.0 = Release|Any CPU
		{3271970F-03FB-438B-A61D-CF6F186BC8EB}.Debug|Any CPU.ActiveCfg = Debug|Any CPU
		{3271970F-03FB-438B-A61D-CF6F186BC8EB}.Debug|Any CPU.Build.0 = Debug|Any CPU
		{3271970F-03FB-438B-A61D-CF6F186BC8EB}.Release|Any CPU.ActiveCfg = Release|Any CPU
		{3271970F-03FB-438B-A61D-CF6F186BC8EB}.Release|Any CPU.Build.0 = Release|Any CPU
		{AE6347E7-739D-4213-B1A7-8918A712915E}.Debug|Any CPU.ActiveCfg = Debug|Any CPU
		{AE6347E7-739D-4213-B1A7-8918A712915E}.Debug|Any CPU.Build.0 = Debug|Any CPU
		{AE6347E7-739D-4213-B1A7-8918A712915E}.Release|Any CPU.ActiveCfg = Release|Any CPU
		{AE6347E7-739D-4213-B1A7-8918A712915E}.Release|Any CPU.Build.0 = Release|Any CPU
		{D052ECC8-5F4E-45B5-8EC4-044DF1893260}.Debug|Any CPU.ActiveCfg = Debug|Any CPU
		{D052ECC8-5F4E-45B5-8EC4-044DF1893260}.Debug|Any CPU.Build.0 = Debug|Any CPU
		{D052ECC8-5F4E-45B5-8EC4-044DF1893260}.Release|Any CPU.ActiveCfg = Release|Any CPU
		{D052ECC8-5F4E-45B5-8EC4-044DF1893260}.Release|Any CPU.Build.0 = Release|Any CPU
	EndGlobalSection
	GlobalSection(SolutionProperties) = preSolution
		HideSolutionNode = FALSE
	EndGlobalSection
	GlobalSection(NestedProjects) = preSolution
		{4197AF40-9111-4D10-9DB1-BB02304C4605} = {DE413A8A-E85D-4166-9B4B-9235982FAC82}
		{10081EF0-0FAA-4992-9219-DDD0BB3C6CA5} = {ACE484E6-5151-4812-A169-7E5442C60AA3}
		{B4F69D5D-65F7-4DF0-BC40-021C6465882B} = {ACE484E6-5151-4812-A169-7E5442C60AA3}
		{3271970F-03FB-438B-A61D-CF6F186BC8EB} = {74C33F22-9BC1-4C4C-AC45-BEDE8B90C445}
		{AE6347E7-739D-4213-B1A7-8918A712915E} = {74C33F22-9BC1-4C4C-AC45-BEDE8B90C445}
		{D052ECC8-5F4E-45B5-8EC4-044DF1893260} = {5F5A0704-92BD-4454-BDD5-DF3425054AD2}
	EndGlobalSection
EndGlobal
